
Microsoft Visual Studio Solution File, Format Version 12.00
# Visual Studio Version 16
VisualStudioVersion = 16.0.30002.166
MinimumVisualStudioVersion = 10.0.40219.1
Project("{FAE04EC0-301F-11D3-BF4B-00C04F79EFBC}") = "In-Class_Activity_Week_4_PRG_322", "In-Class_Activity_Week_4_PRG_322\In-Class_Activity_Week_4_PRG_322.csproj", "{D1E7B5B5-F21C-4278-BCF0-95F446855CFF}"
EndProject
Global
	GlobalSection(SolutionConfigurationPlatforms) = preSolution
		Debug|Any CPU = Debug|Any CPU
		Release|Any CPU = Release|Any CPU
	EndGlobalSection
	GlobalSection(ProjectConfigurationPlatforms) = postSolution
		{D1E7B5B5-F21C-4278-BCF0-95F446855CFF}.Debug|Any CPU.ActiveCfg = Debug|Any CPU
		{D1E7B5B5-F21C-4278-BCF0-95F446855CFF}.Debug|Any CPU.Build.0 = Debug|Any CPU
		{D1E7B5B5-F21C-4278-BCF0-95F446855CFF}.Release|Any CPU.ActiveCfg = Release|Any CPU
		{D1E7B5B5-F21C-4278-BCF0-95F446855CFF}.Release|Any CPU.Build.0 = Release|Any CPU
	EndGlobalSection
	GlobalSection(SolutionProperties) = preSolution
		HideSolutionNode = FALSE
	EndGlobalSection
	GlobalSection(ExtensibilityGlobals) = postSolution
		SolutionGuid = {9272C493-9C21-48CD-988C-4A32445A7CAA}
	EndGlobalSection
EndGlobal
